// !$*UTF8*$!
{
	archiveVersion = 1;
	classes = {
	};
	objectVersion = 50;
	objects = {

/* Begin PBXBuildFile section */
		D7412DBF2205F1D8006C727A /* LabelCollectionViewCellModel.swift in Sources */ = {isa = PBXBuildFile; fileRef = D7412DB62205F1D8006C727A /* LabelCollectionViewCellModel.swift */; };
		D7412DC02205F1D8006C727A /* DropDownCollectionViewCell.xib in Resources */ = {isa = PBXBuildFile; fileRef = D7412DB72205F1D8006C727A /* DropDownCollectionViewCell.xib */; };
		D7412DC12205F1D8006C727A /* TextFieldCollectionViewCell.swift in Sources */ = {isa = PBXBuildFile; fileRef = D7412DB82205F1D8006C727A /* TextFieldCollectionViewCell.swift */; };
		D7412DC22205F1D8006C727A /* TextFieldCollectionViewCellModel.swift in Sources */ = {isa = PBXBuildFile; fileRef = D7412DB92205F1D8006C727A /* TextFieldCollectionViewCellModel.swift */; };
		D7412DC32205F1D8006C727A /* TextFieldCollectionViewCell.xib in Resources */ = {isa = PBXBuildFile; fileRef = D7412DBA2205F1D8006C727A /* TextFieldCollectionViewCell.xib */; };
		D7412DC42205F1D8006C727A /* DropDownCollectionViewCell.swift in Sources */ = {isa = PBXBuildFile; fileRef = D7412DBB2205F1D8006C727A /* DropDownCollectionViewCell.swift */; };
		D7412DC52205F1D8006C727A /* DropDownCollectionViewCellModel.swift in Sources */ = {isa = PBXBuildFile; fileRef = D7412DBC2205F1D8006C727A /* DropDownCollectionViewCellModel.swift */; };
		D7412DC62205F1D8006C727A /* LabelCollectionViewCell.swift in Sources */ = {isa = PBXBuildFile; fileRef = D7412DBD2205F1D8006C727A /* LabelCollectionViewCell.swift */; };
		D7412DC72205F1D8006C727A /* LabelCollectionViewCell.xib in Resources */ = {isa = PBXBuildFile; fileRef = D7412DBE2205F1D8006C727A /* LabelCollectionViewCell.xib */; };
		D7412DCB2205F25E006C727A /* DropShadowView.swift in Sources */ = {isa = PBXBuildFile; fileRef = D7412DC92205F25E006C727A /* DropShadowView.swift */; };
		D7412DCC2205F25E006C727A /* EdgeInsetLabel.swift in Sources */ = {isa = PBXBuildFile; fileRef = D7412DCA2205F25E006C727A /* EdgeInsetLabel.swift */; };
		D7520D7E21F54A8B007FAA42 /* AppDelegate.swift in Sources */ = {isa = PBXBuildFile; fileRef = D7520D7D21F54A8B007FAA42 /* AppDelegate.swift */; };
		D7520D8021F54A8B007FAA42 /* ViewController.swift in Sources */ = {isa = PBXBuildFile; fileRef = D7520D7F21F54A8B007FAA42 /* ViewController.swift */; };
		D7520D8321F54A8B007FAA42 /* Main.storyboard in Resources */ = {isa = PBXBuildFile; fileRef = D7520D8121F54A8B007FAA42 /* Main.storyboard */; };
		D7520D8521F54A8D007FAA42 /* Assets.xcassets in Resources */ = {isa = PBXBuildFile; fileRef = D7520D8421F54A8D007FAA42 /* Assets.xcassets */; };
		D7520D8821F54A8D007FAA42 /* LaunchScreen.storyboard in Resources */ = {isa = PBXBuildFile; fileRef = D7520D8621F54A8D007FAA42 /* LaunchScreen.storyboard */; };
		D7520D9021F54AF3007FAA42 /* CustomCollectionView.swift in Sources */ = {isa = PBXBuildFile; fileRef = D7520D8F21F54AF3007FAA42 /* CustomCollectionView.swift */; };
		D7520D9C21F56F4D007FAA42 /* CustomCollectionViewSection.swift in Sources */ = {isa = PBXBuildFile; fileRef = D7520D9B21F56F4D007FAA42 /* CustomCollectionViewSection.swift */; };
		D7520D9E21F56FE0007FAA42 /* CustomCollectionViewRow.swift in Sources */ = {isa = PBXBuildFile; fileRef = D7520D9D21F56FE0007FAA42 /* CustomCollectionViewRow.swift */; };
		D753E944220B483200C55DC9 /* EdgeInstTextField.swift in Sources */ = {isa = PBXBuildFile; fileRef = D753E943220B483200C55DC9 /* EdgeInstTextField.swift */; };
/* End PBXBuildFile section */

/* Begin PBXFileReference section */
		D7412DB62205F1D8006C727A /* LabelCollectionViewCellModel.swift */ = {isa = PBXFileReference; fileEncoding = 4; lastKnownFileType = sourcecode.swift; path = LabelCollectionViewCellModel.swift; sourceTree = "<group>"; };
		D7412DB72205F1D8006C727A /* DropDownCollectionViewCell.xib */ = {isa = PBXFileReference; fileEncoding = 4; lastKnownFileType = file.xib; path = DropDownCollectionViewCell.xib; sourceTree = "<group>"; };
		D7412DB82205F1D8006C727A /* TextFieldCollectionViewCell.swift */ = {isa = PBXFileReference; fileEncoding = 4; lastKnownFileType = sourcecode.swift; path = TextFieldCollectionViewCell.swift; sourceTree = "<group>"; };
		D7412DB92205F1D8006C727A /* TextFieldCollectionViewCellModel.swift */ = {isa = PBXFileReference; fileEncoding = 4; lastKnownFileType = sourcecode.swift; path = TextFieldCollectionViewCellModel.swift; sourceTree = "<group>"; };
		D7412DBA2205F1D8006C727A /* TextFieldCollectionViewCell.xib */ = {isa = PBXFileReference; fileEncoding = 4; lastKnownFileType = file.xib; path = TextFieldCollectionViewCell.xib; sourceTree = "<group>"; };
		D7412DBB2205F1D8006C727A /* DropDownCollectionViewCell.swift */ = {isa = PBXFileReference; fileEncoding = 4; lastKnownFileType = sourcecode.swift; path = DropDownCollectionViewCell.swift; sourceTree = "<group>"; };
		D7412DBC2205F1D8006C727A /* DropDownCollectionViewCellModel.swift */ = {isa = PBXFileReference; fileEncoding = 4; lastKnownFileType = sourcecode.swift; path = DropDownCollectionViewCellModel.swift; sourceTree = "<group>"; };
		D7412DBD2205F1D8006C727A /* LabelCollectionViewCell.swift */ = {isa = PBXFileReference; fileEncoding = 4; lastKnownFileType = sourcecode.swift; path = LabelCollectionViewCell.swift; sourceTree = "<group>"; };
		D7412DBE2205F1D8006C727A /* LabelCollectionViewCell.xib */ = {isa = PBXFileReference; fileEncoding = 4; lastKnownFileType = file.xib; path = LabelCollectionViewCell.xib; sourceTree = "<group>"; };
		D7412DC92205F25E006C727A /* DropShadowView.swift */ = {isa = PBXFileReference; fileEncoding = 4; lastKnownFileType = sourcecode.swift; path = DropShadowView.swift; sourceTree = "<group>"; };
		D7412DCA2205F25E006C727A /* EdgeInsetLabel.swift */ = {isa = PBXFileReference; fileEncoding = 4; lastKnownFileType = sourcecode.swift; path = EdgeInsetLabel.swift; sourceTree = "<group>"; };
		D7520D7A21F54A8B007FAA42 /* CustomCollectionView.app */ = {isa = PBXFileReference; explicitFileType = wrapper.application; includeInIndex = 0; path = CustomCollectionView.app; sourceTree = BUILT_PRODUCTS_DIR; };
		D7520D7D21F54A8B007FAA42 /* AppDelegate.swift */ = {isa = PBXFileReference; lastKnownFileType = sourcecode.swift; path = AppDelegate.swift; sourceTree = "<group>"; };
		D7520D7F21F54A8B007FAA42 /* ViewController.swift */ = {isa = PBXFileReference; lastKnownFileType = sourcecode.swift; path = ViewController.swift; sourceTree = "<group>"; };
		D7520D8221F54A8B007FAA42 /* Base */ = {isa = PBXFileReference; lastKnownFileType = file.storyboard; name = Base; path = Base.lproj/Main.storyboard; sourceTree = "<group>"; };
		D7520D8421F54A8D007FAA42 /* Assets.xcassets */ = {isa = PBXFileReference; lastKnownFileType = folder.assetcatalog; path = Assets.xcassets; sourceTree = "<group>"; };
		D7520D8721F54A8D007FAA42 /* Base */ = {isa = PBXFileReference; lastKnownFileType = file.storyboard; name = Base; path = Base.lproj/LaunchScreen.storyboard; sourceTree = "<group>"; };
		D7520D8921F54A8D007FAA42 /* Info.plist */ = {isa = PBXFileReference; lastKnownFileType = text.plist.xml; path = Info.plist; sourceTree = "<group>"; };
		D7520D8F21F54AF3007FAA42 /* CustomCollectionView.swift */ = {isa = PBXFileReference; lastKnownFileType = sourcecode.swift; path = CustomCollectionView.swift; sourceTree = "<group>"; };
		D7520D9B21F56F4D007FAA42 /* CustomCollectionViewSection.swift */ = {isa = PBXFileReference; lastKnownFileType = sourcecode.swift; path = CustomCollectionViewSection.swift; sourceTree = "<group>"; };
		D7520D9D21F56FE0007FAA42 /* CustomCollectionViewRow.swift */ = {isa = PBXFileReference; lastKnownFileType = sourcecode.swift; path = CustomCollectionViewRow.swift; sourceTree = "<group>"; };
		D753E943220B483200C55DC9 /* EdgeInstTextField.swift */ = {isa = PBXFileReference; lastKnownFileType = sourcecode.swift; path = EdgeInstTextField.swift; sourceTree = "<group>"; };
/* End PBXFileReference section */

/* Begin PBXFrameworksBuildPhase section */
		D7520D7721F54A8B007FAA42 /* Frameworks */ = {
			isa = PBXFrameworksBuildPhase;
			buildActionMask = 2147483647;
			files = (
			);
			runOnlyForDeploymentPostprocessing = 0;
		};
/* End PBXFrameworksBuildPhase section */

/* Begin PBXGroup section */
		D7412DB22205E26E006C727A /* CollectionView */ = {
			isa = PBXGroup;
			children = (
				D7412DCD2205F324006C727A /* MainCollectionView */,
				D7412DC82205F25E006C727A /* Utilities */,
				D7520D9F21F79B61007FAA42 /* CollectionViewCells */,
			);
			path = CollectionView;
			sourceTree = "<group>";
		};
		D7412DB52205F1BD006C727A /* CommonCell */ = {
			isa = PBXGroup;
			children = (
				D7412DBB2205F1D8006C727A /* DropDownCollectionViewCell.swift */,
				D7412DB72205F1D8006C727A /* DropDownCollectionViewCell.xib */,
				D7412DBC2205F1D8006C727A /* DropDownCollectionViewCellModel.swift */,
				D7412DBD2205F1D8006C727A /* LabelCollectionViewCell.swift */,
				D7412DBE2205F1D8006C727A /* LabelCollectionViewCell.xib */,
				D7412DB62205F1D8006C727A /* LabelCollectionViewCellModel.swift */,
				D7412DB82205F1D8006C727A /* TextFieldCollectionViewCell.swift */,
				D7412DBA2205F1D8006C727A /* TextFieldCollectionViewCell.xib */,
				D7412DB92205F1D8006C727A /* TextFieldCollectionViewCellModel.swift */,
			);
			name = CommonCell;
			path = "New Group";
			sourceTree = "<group>";
		};
		D7412DC82205F25E006C727A /* Utilities */ = {
			isa = PBXGroup;
			children = (
				D7412DC92205F25E006C727A /* DropShadowView.swift */,
				D7412DCA2205F25E006C727A /* EdgeInsetLabel.swift */,
				D753E943220B483200C55DC9 /* EdgeInstTextField.swift */,
			);
			path = Utilities;
			sourceTree = "<group>";
		};
		D7412DCD2205F324006C727A /* MainCollectionView */ = {
			isa = PBXGroup;
			children = (
				D7520D8F21F54AF3007FAA42 /* CustomCollectionView.swift */,
				D7520D9D21F56FE0007FAA42 /* CustomCollectionViewRow.swift */,
				D7520D9B21F56F4D007FAA42 /* CustomCollectionViewSection.swift */,
			);
			path = MainCollectionView;
			sourceTree = "<group>";
		};
		D7412DCE2205F372006C727A /* Other */ = {
			isa = PBXGroup;
			children = (
			);
			path = Other;
			sourceTree = "<group>";
		};
		D7520D7121F54A8B007FAA42 = {
			isa = PBXGroup;
			children = (
				D7520D7C21F54A8B007FAA42 /* CustomCollectionView */,
				D7520D7B21F54A8B007FAA42 /* Products */,
			);
			sourceTree = "<group>";
		};
		D7520D7B21F54A8B007FAA42 /* Products */ = {
			isa = PBXGroup;
			children = (
				D7520D7A21F54A8B007FAA42 /* CustomCollectionView.app */,
			);
			name = Products;
			sourceTree = "<group>";
		};
		D7520D7C21F54A8B007FAA42 /* CustomCollectionView */ = {
			isa = PBXGroup;
			children = (
				D7412DB22205E26E006C727A /* CollectionView */,
				D7520D7D21F54A8B007FAA42 /* AppDelegate.swift */,
				D7520D7F21F54A8B007FAA42 /* ViewController.swift */,
				D7520D8121F54A8B007FAA42 /* Main.storyboard */,
				D7520D8421F54A8D007FAA42 /* Assets.xcassets */,
				D7520D8621F54A8D007FAA42 /* LaunchScreen.storyboard */,
				D7520D8921F54A8D007FAA42 /* Info.plist */,
			);
			path = CustomCollectionView;
			sourceTree = "<group>";
		};
		D7520D9F21F79B61007FAA42 /* CollectionViewCells */ = {
			isa = PBXGroup;
			children = (
				D7412DCE2205F372006C727A /* Other */,
				D7412DB52205F1BD006C727A /* CommonCell */,
			);
			path = CollectionViewCells;
			sourceTree = "<group>";
		};
/* End PBXGroup section */

/* Begin PBXNativeTarget section */
		D7520D7921F54A8B007FAA42 /* CustomCollectionView */ = {
			isa = PBXNativeTarget;
			buildConfigurationList = D7520D8C21F54A8D007FAA42 /* Build configuration list for PBXNativeTarget "CustomCollectionView" */;
			buildPhases = (
				D7520D7621F54A8B007FAA42 /* Sources */,
				D7520D7721F54A8B007FAA42 /* Frameworks */,
				D7520D7821F54A8B007FAA42 /* Resources */,
			);
			buildRules = (
			);
			dependencies = (
			);
			name = CustomCollectionView;
			productName = CustomCollectionView;
			productReference = D7520D7A21F54A8B007FAA42 /* CustomCollectionView.app */;
			productType = "com.apple.product-type.application";
		};
/* End PBXNativeTarget section */

/* Begin PBXProject section */
		D7520D7221F54A8B007FAA42 /* Project object */ = {
			isa = PBXProject;
			attributes = {
				LastSwiftUpdateCheck = 1010;
				LastUpgradeCheck = 1010;
				ORGANIZATIONNAME = "Najmuz Sakib";
				TargetAttributes = {
					D7520D7921F54A8B007FAA42 = {
						CreatedOnToolsVersion = 10.1;
					};
				};
			};
			buildConfigurationList = D7520D7521F54A8B007FAA42 /* Build configuration list for PBXProject "CustomCollectionView" */;
			compatibilityVersion = "Xcode 9.3";
			developmentRegion = en;
			hasScannedForEncodings = 0;
			knownRegions = (
				en,
				Base,
			);
			mainGroup = D7520D7121F54A8B007FAA42;
			productRefGroup = D7520D7B21F54A8B007FAA42 /* Products */;
			projectDirPath = "";
			projectRoot = "";
			targets = (
				D7520D7921F54A8B007FAA42 /* CustomCollectionView */,
			);
		};
/* End PBXProject section */

/* Begin PBXResourcesBuildPhase section */
		D7520D7821F54A8B007FAA42 /* Resources */ = {
			isa = PBXResourcesBuildPhase;
			buildActionMask = 2147483647;
			files = (
				D7412DC32205F1D8006C727A /* TextFieldCollectionViewCell.xib in Resources */,
				D7520D8821F54A8D007FAA42 /* LaunchScreen.storyboard in Resources */,
				D7520D8521F54A8D007FAA42 /* Assets.xcassets in Resources */,
				D7412DC02205F1D8006C727A /* DropDownCollectionViewCell.xib in Resources */,
				D7412DC72205F1D8006C727A /* LabelCollectionViewCell.xib in Resources */,
				D7520D8321F54A8B007FAA42 /* Main.storyboard in Resources */,
			);
			runOnlyForDeploymentPostprocessing = 0;
		};
/* End PBXResourcesBuildPhase section */

/* Begin PBXSourcesBuildPhase section */
		D7520D7621F54A8B007FAA42 /* Sources */ = {
			isa = PBXSourcesBuildPhase;
			buildActionMask = 2147483647;
			files = (
				D7412DC12205F1D8006C727A /* TextFieldCollectionViewCell.swift in Sources */,
				D7520D9C21F56F4D007FAA42 /* CustomCollectionViewSection.swift in Sources */,
				D7412DC22205F1D8006C727A /* TextFieldCollectionViewCellModel.swift in Sources */,
				D7412DBF2205F1D8006C727A /* LabelCollectionViewCellModel.swift in Sources */,
				D7520D9021F54AF3007FAA42 /* CustomCollectionView.swift in Sources */,
				D7412DCB2205F25E006C727A /* DropShadowView.swift in Sources */,
				D753E944220B483200C55DC9 /* EdgeInstTextField.swift in Sources */,
				D7520D8021F54A8B007FAA42 /* ViewController.swift in Sources */,
				D7412DC42205F1D8006C727A /* DropDownCollectionViewCell.swift in Sources */,
				D7412DCC2205F25E006C727A /* EdgeInsetLabel.swift in Sources */,
				D7412DC52205F1D8006C727A /* DropDownCollectionViewCellModel.swift in Sources */,
				D7520D9E21F56FE0007FAA42 /* CustomCollectionViewRow.swift in Sources */,
				D7412DC62205F1D8006C727A /* LabelCollectionViewCell.swift in Sources */,
				D7520D7E21F54A8B007FAA42 /* AppDelegate.swift in Sources */,
			);
			runOnlyForDeploymentPostprocessing = 0;
		};
/* End PBXSourcesBuildPhase section */

/* Begin PBXVariantGroup section */
		D7520D8121F54A8B007FAA42 /* Main.storyboard */ = {
			isa = PBXVariantGroup;
			children = (
				D7520D8221F54A8B007FAA42 /* Base */,
			);
			name = Main.storyboard;
			sourceTree = "<group>";
		};
		D7520D8621F54A8D007FAA42 /* LaunchScreen.storyboard */ = {
			isa = PBXVariantGroup;
			children = (
				D7520D8721F54A8D007FAA42 /* Base */,
			);
			name = LaunchScreen.storyboard;
			sourceTree = "<group>";
		};
/* End PBXVariantGroup section */

/* Begin XCBuildConfiguration section */
		D7520D8A21F54A8D007FAA42 /* Debug */ = {
			isa = XCBuildConfiguration;
			buildSettings = {
				ALWAYS_SEARCH_USER_PATHS = NO;
				CLANG_ANALYZER_NONNULL = YES;
				CLANG_ANALYZER_NUMBER_OBJECT_CONVERSION = YES_AGGRESSIVE;
				CLANG_CXX_LANGUAGE_STANDARD = "gnu++14";
				CLANG_CXX_LIBRARY = "libc++";
				CLANG_ENABLE_MODULES = YES;
				CLANG_ENABLE_OBJC_ARC = YES;
				CLANG_ENABLE_OBJC_WEAK = YES;
				CLANG_WARN_BLOCK_CAPTURE_AUTORELEASING = YES;
				CLANG_WARN_BOOL_CONVERSION = YES;
				CLANG_WARN_COMMA = YES;
				CLANG_WARN_CONSTANT_CONVERSION = YES;
				CLANG_WARN_DEPRECATED_OBJC_IMPLEMENTATIONS = YES;
				CLANG_WARN_DIRECT_OBJC_ISA_USAGE = YES_ERROR;
				CLANG_WARN_DOCUMENTATION_COMMENTS = YES;
				CLANG_WARN_EMPTY_BODY = YES;
				CLANG_WARN_ENUM_CONVERSION = YES;
				CLANG_WARN_INFINITE_RECURSION = YES;
				CLANG_WARN_INT_CONVERSION = YES;
				CLANG_WARN_NON_LITERAL_NULL_CONVERSION = YES;
				CLANG_WARN_OBJC_IMPLICIT_RETAIN_SELF = YES;
				CLANG_WARN_OBJC_LITERAL_CONVERSION = YES;
				CLANG_WARN_OBJC_ROOT_CLASS = YES_ERROR;
				CLANG_WARN_RANGE_LOOP_ANALYSIS = YES;
				CLANG_WARN_STRICT_PROTOTYPES = YES;
				CLANG_WARN_SUSPICIOUS_MOVE = YES;
				CLANG_WARN_UNGUARDED_AVAILABILITY = YES_AGGRESSIVE;
				CLANG_WARN_UNREACHABLE_CODE = YES;
				CLANG_WARN__DUPLICATE_METHOD_MATCH = YES;
				CODE_SIGN_IDENTITY = "iPhone Developer";
				COPY_PHASE_STRIP = NO;
				DEBUG_INFORMATION_FORMAT = dwarf;
				ENABLE_STRICT_OBJC_MSGSEND = YES;
				ENABLE_TESTABILITY = YES;
				GCC_C_LANGUAGE_STANDARD = gnu11;
				GCC_DYNAMIC_NO_PIC = NO;
				GCC_NO_COMMON_BLOCKS = YES;
				GCC_OPTIMIZATION_LEVEL = 0;
				GCC_PREPROCESSOR_DEFINITIONS = (
					"DEBUG=1",
					"$(inherited)",
				);
				GCC_WARN_64_TO_32_BIT_CONVERSION = YES;
				GCC_WARN_ABOUT_RETURN_TYPE = YES_ERROR;
				GCC_WARN_UNDECLARED_SELECTOR = YES;
				GCC_WARN_UNINITIALIZED_AUTOS = YES_AGGRESSIVE;
				GCC_WARN_UNUSED_FUNCTION = YES;
				GCC_WARN_UNUSED_VARIABLE = YES;
				IPHONEOS_DEPLOYMENT_TARGET = 12.1;
				MTL_ENABLE_DEBUG_INFO = INCLUDE_SOURCE;
				MTL_FAST_MATH = YES;
				ONLY_ACTIVE_ARCH = YES;
				SDKROOT = iphoneos;
				SWIFT_ACTIVE_COMPILATION_CONDITIONS = DEBUG;
				SWIFT_OPTIMIZATION_LEVEL = "-Onone";
			};
			name = Debug;
		};
		D7520D8B21F54A8D007FAA42 /* Release */ = {
			isa = XCBuildConfiguration;
			buildSettings = {
				ALWAYS_SEARCH_USER_PATHS = NO;
				CLANG_ANALYZER_NONNULL = YES;
				CLANG_ANALYZER_NUMBER_OBJECT_CONVERSION = YES_AGGRESSIVE;
				CLANG_CXX_LANGUAGE_STANDARD = "gnu++14";
				CLANG_CXX_LIBRARY = "libc++";
				CLANG_ENABLE_MODULES = YES;
				CLANG_ENABLE_OBJC_ARC = YES;
				CLANG_ENABLE_OBJC_WEAK = YES;
				CLANG_WARN_BLOCK_CAPTURE_AUTORELEASING = YES;
				CLANG_WARN_BOOL_CONVERSION = YES;
				CLANG_WARN_COMMA = YES;
				CLANG_WARN_CONSTANT_CONVERSION = YES;
				CLANG_WARN_DEPRECATED_OBJC_IMPLEMENTATIONS = YES;
				CLANG_WARN_DIRECT_OBJC_ISA_USAGE = YES_ERROR;
				CLANG_WARN_DOCUMENTATION_COMMENTS = YES;
				CLANG_WARN_EMPTY_BODY = YES;
				CLANG_WARN_ENUM_CONVERSION = YES;
				CLANG_WARN_INFINITE_RECURSION = YES;
				CLANG_WARN_INT_CONVERSION = YES;
				CLANG_WARN_NON_LITERAL_NULL_CONVERSION = YES;
				CLANG_WARN_OBJC_IMPLICIT_RETAIN_SELF = YES;
				CLANG_WARN_OBJC_LITERAL_CONVERSION = YES;
				CLANG_WARN_OBJC_ROOT_CLASS = YES_ERROR;
				CLANG_WARN_RANGE_LOOP_ANALYSIS = YES;
				CLANG_WARN_STRICT_PROTOTYPES = YES;
				CLANG_WARN_SUSPICIOUS_MOVE = YES;
				CLANG_WARN_UNGUARDED_AVAILABILITY = YES_AGGRESSIVE;
				CLANG_WARN_UNREACHABLE_CODE = YES;
				CLANG_WARN__DUPLICATE_METHOD_MATCH = YES;
				CODE_SIGN_IDENTITY = "iPhone Developer";
				COPY_PHASE_STRIP = NO;
				DEBUG_INFORMATION_FORMAT = "dwarf-with-dsym";
				ENABLE_NS_ASSERTIONS = NO;
				ENABLE_STRICT_OBJC_MSGSEND = YES;
				GCC_C_LANGUAGE_STANDARD = gnu11;
				GCC_NO_COMMON_BLOCKS = YES;
				GCC_WARN_64_TO_32_BIT_CONVERSION = YES;
				GCC_WARN_ABOUT_RETURN_TYPE = YES_ERROR;
				GCC_WARN_UNDECLARED_SELECTOR = YES;
				GCC_WARN_UNINITIALIZED_AUTOS = YES_AGGRESSIVE;
				GCC_WARN_UNUSED_FUNCTION = YES;
				GCC_WARN_UNUSED_VARIABLE = YES;
				IPHONEOS_DEPLOYMENT_TARGET = 12.1;
				MTL_ENABLE_DEBUG_INFO = NO;
				MTL_FAST_MATH = YES;
				SDKROOT = iphoneos;
				SWIFT_COMPILATION_MODE = wholemodule;
				SWIFT_OPTIMIZATION_LEVEL = "-O";
				VALIDATE_PRODUCT = YES;
			};
			name = Release;
		};
		D7520D8D21F54A8D007FAA42 /* Debug */ = {
			isa = XCBuildConfiguration;
			buildSettings = {
				ASSETCATALOG_COMPILER_APPICON_NAME = AppIcon;
				CODE_SIGN_STYLE = Automatic;
				INFOPLIST_FILE = CustomCollectionView/Info.plist;
				LD_RUNPATH_SEARCH_PATHS = (
					"$(inherited)",
					"@executable_path/Frameworks",
				);
				PRODUCT_BUNDLE_IDENTIFIER = com.sakib.CustomCollectionView;
				PRODUCT_NAME = "$(TARGET_NAME)";
				SWIFT_VERSION = 4.2;
				TARGETED_DEVICE_FAMILY = "1,2";
			};
			name = Debug;
		};
		D7520D8E21F54A8D007FAA42 /* Release */ = {
			isa = XCBuildConfiguration;
			buildSettings = {
				ASSETCATALOG_COMPILER_APPICON_NAME = AppIcon;
				CODE_SIGN_STYLE = Automatic;
				INFOPLIST_FILE = CustomCollectionView/Info.plist;
				LD_RUNPATH_SEARCH_PATHS = (
					"$(inherited)",
					"@executable_path/Frameworks",
				);
				PRODUCT_BUNDLE_IDENTIFIER = com.sakib.CustomCollectionView;
				PRODUCT_NAME = "$(TARGET_NAME)";
				SWIFT_VERSION = 4.2;
				TARGETED_DEVICE_FAMILY = "1,2";
			};
			name = Release;
		};
/* End XCBuildConfiguration section */

/* Begin XCConfigurationList section */
		D7520D7521F54A8B007FAA42 /* Build configuration list for PBXProject "CustomCollectionView" */ = {
			isa = XCConfigurationList;
			buildConfigurations = (
				D7520D8A21F54A8D007FAA42 /* Debug */,
				D7520D8B21F54A8D007FAA42 /* Release */,
			);
			defaultConfigurationIsVisible = 0;
			defaultConfigurationName = Release;
		};
		D7520D8C21F54A8D007FAA42 /* Build configuration list for PBXNativeTarget "CustomCollectionView" */ = {
			isa = XCConfigurationList;
			buildConfigurations = (
				D7520D8D21F54A8D007FAA42 /* Debug */,
				D7520D8E21F54A8D007FAA42 /* Release */,
			);
			defaultConfigurationIsVisible = 0;
			defaultConfigurationName = Release;
		};
/* End XCConfigurationList section */
	};
	rootObject = D7520D7221F54A8B007FAA42 /* Project object */;
}
